
Microsoft Visual Studio Solution File, Format Version 11.00
# Visual Studio 2010
Project("{E24C65DC-7377-472B-9ABA-BC803B73C61A}") = "app1", ".", "{F51FF26F-77DA-41CC-8281-7F92B007FFF8}"
	ProjectSection(WebsiteProperties) = preProject
		TargetFrameworkMoniker = ".NETFramework,Version%3Dv4.0"
		Debug.AspNetCompiler.VirtualPath = "/app1"
		Debug.AspNetCompiler.PhysicalPath = "D:\Wdev SVN\Code\MSRestfulSampleApplications\Vb\mim\app1\"
		Debug.AspNetCompiler.TargetPath = "PrecompiledWeb\app1\"
		Debug.AspNetCompiler.Updateable = "true"
		Debug.AspNetCompiler.ForceOverwrite = "true"
		Debug.AspNetCompiler.FixedNames = "false"
		Debug.AspNetCompiler.Debug = "True"
		Release.AspNetCompiler.VirtualPath = "/app1"
		Release.AspNetCompiler.PhysicalPath = "D:\Wdev SVN\Code\MSRestfulSampleApplications\Vb\mim\app1\"
		Release.AspNetCompiler.TargetPath = "PrecompiledWeb\app1\"
		Release.AspNetCompiler.Updateable = "true"
		Release.AspNetCompiler.ForceOverwrite = "true"
		Release.AspNetCompiler.FixedNames = "false"
		Release.AspNetCompiler.Debug = "False"
		VWDPort = "60742"
	EndProjectSection
EndProject
Global
	GlobalSection(SolutionConfigurationPlatforms) = preSolution
		Debug|Any CPU = Debug|Any CPU
	EndGlobalSection
	GlobalSection(ProjectConfigurationPlatforms) = postSolution
		{F51FF26F-77DA-41CC-8281-7F92B007FFF8}.Debug|Any CPU.ActiveCfg = Debug|Any CPU
		{F51FF26F-77DA-41CC-8281-7F92B007FFF8}.Debug|Any CPU.Build.0 = Debug|Any CPU
	EndGlobalSection
	GlobalSection(SolutionProperties) = preSolution
		HideSolutionNode = FALSE
	EndGlobalSection
EndGlobal
